
Microsoft Visual Studio Solution File, Format Version 12.00
# Visual Studio 15
VisualStudioVersion = 15.0.28307.960
MinimumVisualStudioVersion = 10.0.40219.1
Project("{FAE04EC0-301F-11D3-BF4B-00C04F79EFBC}") = "CoreServices", "CoreServices\CoreServices.csproj", "{C2EA67EC-DA82-498B-88E7-CEE4F21FE7F5}"
EndProject
Project("{FAE04EC0-301F-11D3-BF4B-00C04F79EFBC}") = "CoreServices.Test", "CoreServices.Test\CoreServices.Test.csproj", "{18A74CC8-B73C-46BD-81ED-32CAA188167F}"
EndProject
Global
	GlobalSection(SolutionConfigurationPlatforms) = preSolution
		Debug|Any CPU = Debug|Any CPU
		Release|Any CPU = Release|Any CPU
	EndGlobalSection
	GlobalSection(ProjectConfigurationPlatforms) = postSolution
		{C2EA67EC-DA82-498B-88E7-CEE4F21FE7F5}.Debug|Any CPU.ActiveCfg = Debug|Any CPU
		{C2EA67EC-DA82-498B-88E7-CEE4F21FE7F5}.Debug|Any CPU.Build.0 = Debug|Any CPU
		{C2EA67EC-DA82-498B-88E7-CEE4F21FE7F5}.Release|Any CPU.ActiveCfg = Release|Any CPU
		{C2EA67EC-DA82-498B-88E7-CEE4F21FE7F5}.Release|Any CPU.Build.0 = Release|Any CPU
		{18A74CC8-B73C-46BD-81ED-32CAA188167F}.Debug|Any CPU.ActiveCfg = Debug|Any CPU
		{18A74CC8-B73C-46BD-81ED-32CAA188167F}.Debug|Any CPU.Build.0 = Debug|Any CPU
		{18A74CC8-B73C-46BD-81ED-32CAA188167F}.Release|Any CPU.ActiveCfg = Release|Any CPU
		{18A74CC8-B73C-46BD-81ED-32CAA188167F}.Release|Any CPU.Build.0 = Release|Any CPU
	EndGlobalSection
	GlobalSection(SolutionProperties) = preSolution
		HideSolutionNode = FALSE
	EndGlobalSection
	GlobalSection(ExtensibilityGlobals) = postSolution
		SolutionGuid = {08EBEB64-D25D-46D3-BB96-053DC35A2064}
	EndGlobalSection
EndGlobal
